DEPENDENCIES
  role-vault
    path: .
    metadata: true
  vault
    path: ../vault

GRAPH
  apt (2.3.8)
  balanced-apt (1.0.14)
    apt (~> 2.3)
    balanced-citadel (~> 1.0)
    poise (~> 1.0)
  balanced-citadel (1.0.2)
    citadel (>= 0.0.0)
  balanced-devpi (1.0.4)
    citadel (~> 1.0)
    devpi (~> 1.1)
    nginx (~> 2.0)
    python (~> 1.4)
    supervisor (~> 0.4.0)
  balanced-dns (1.0.2)
    balanced-citadel (~> 1.0)
    route53 (>= 0.0.0)
  balanced-rsyslog (1.0.2)
    logrotate (~> 1.2)
    rsyslog (~> 1.9)
  balanced-rundeck (1.2.2)
    balanced-citadel (>= 0.0.0)
    balanced-user (~> 1.0.14)
    partial_search (~> 1.0.7)
    rundeck (~> 99.1.0)
    rundeck-fabric (~> 1.0.0)
  balanced-user (1.0.20)
    balanced-citadel (~> 1.0)
    poise (~> 1.0)
    sudo (~> 2.5)
    ulimit (~> 0.3)
    user (~> 0.3)
  bluepill (2.3.1)
    rsyslog (>= 0.0.0)
  build-essential (2.0.0)
  chef-client (3.3.8)
    cron (>= 1.2.0)
    logrotate (>= 1.2.0)
  chef-sentry-handler (0.0.1)
    chef_handler (>= 0.0.0)
  chef_handler (1.1.5)
  citadel (1.0.2)
  cron (1.3.0)
  devpi (1.1.0)
    nginx (>= 0.0.0)
    python (>= 0.0.0)
    runit (>= 0.0.0)
    supervisor (>= 0.0.0)
  dmg (2.2.0)
  git (4.0.0)
    build-essential (>= 0.0.0)
    dmg (>= 0.0.0)
    runit (>= 1.0.0)
    windows (>= 0.0.0)
    yum (~> 3.0)
    yum-epel (>= 0.0.0)
  hostname (0.1.1)
    hostsfile (>= 0.0.0)
  hostsfile (2.4.4)
  htop (1.2.0)
    yum (>= 0.0.0)
  java (1.21.2)
  logrotate (1.5.0)
  newrelic-sysmond (1.3.5)
    apt (>= 1.9.2)
  nginx (2.4.4)
    apt (~> 2.2)
    bluepill (~> 2.3)
    build-essential (~> 2.0)
    ohai (~> 1.1)
    runit (~> 1.2)
    yum-epel (~> 0.3)
  ntp (1.6.2)
  ohai (1.1.12)
  partial_search (1.0.8)
  poise (1.0.10)
  poise-appenv (1.0.0)
  postfix (3.1.6)
  postgresql (99.13.1)
    apt (>= 1.9.0)
  python (1.4.6)
    build-essential (>= 0.0.0)
    yum-epel (>= 0.0.0)
  role-base (1.2.4)
    balanced-apt (~> 1.0)
    balanced-citadel (~> 1.0)
    balanced-dns (~> 1.0)
    balanced-rsyslog (~> 1.0)
    balanced-rundeck (~> 1.0)
    balanced-user (~> 1.0)
    build-essential (~> 2.0)
    chef-client (~> 3.1)
    chef-sentry-handler (>= 0.0.0)
    hostname (~> 0.1)
    htop (~> 1.2)
    newrelic-sysmond (~> 1.3)
    ntp (~> 1.0)
    postfix (~> 3.0)
    runit (~> 1.0)
    tmux (~> 1.4)
  role-vault (0.1.0)
    poise-appenv (~> 1.0)
    role-base (~> 1.0)
    vault (>= 0.0.0)
  route53 (99.0.1)
  rsyslog (1.12.2)
  rundeck (99.1.2)
    apt (>= 0.0.0)
    java (>= 0.0.0)
    poise (>= 0.0.0)
    runit (>= 0.0.0)
  rundeck-fabric (1.0.0)
    git (>= 0.0.0)
    python (>= 0.0.0)
    rundeck (~> 99.1.2)
  runit (1.5.10)
    build-essential (>= 0.0.0)
    yum (~> 3.0)
    yum-epel (>= 0.0.0)
  sudo (2.5.2)
  supervisor (0.4.11)
    python (>= 0.0.0)
  tmux (1.4.0)
  ulimit (0.3.2)
  user (0.3.0)
  vault (0.1.0)
    balanced-apt (~> 1.0)
    balanced-devpi (~> 1.0)
    balanced-rsyslog (~> 1.0)
    logrotate (~> 1.4)
    postgresql (~> 99.13.1)
    python (~> 1.0)
  windows (1.30.0)
    chef_handler (>= 0.0.0)
  yum (3.1.4)
  yum-epel (0.3.4)
    yum (~> 3.0)
